Microsoft Visual Studio Solution File, Format Version 11.00
# Visual Studio 2008

Project("{104EC2EA-4927-1369-FD5B-B6B2041EDA65}") = "Helping Hand", "Assembly-CSharp.csproj", "{8DD5FAF0-8550-F40F-7D1A-31EF9AD2AC64}"
EndProject
Global
	GlobalSection(SolutionConfigurationPlatforms) = preSolution
		Debug|Any CPU = Debug|Any CPU
		Release|Any CPU = Release|Any CPU
	EndGlobalSection
	GlobalSection(ProjectConfigurationPlatforms) = postSolution
		{8DD5FAF0-8550-F40F-7D1A-31EF9AD2AC64}.Debug|Any CPU.ActiveCfg = Debug|Any CPU
		{8DD5FAF0-8550-F40F-7D1A-31EF9AD2AC64}.Debug|Any CPU.Build.0 = Debug|Any CPU
		{8DD5FAF0-8550-F40F-7D1A-31EF9AD2AC64}.Release|Any CPU.ActiveCfg = Release|Any CPU
		{8DD5FAF0-8550-F40F-7D1A-31EF9AD2AC64}.Release|Any CPU.Build.0 = Release|Any CPU
	EndGlobalSection
	GlobalSection(SolutionProperties) = preSolution
		HideSolutionNode = FALSE
	EndGlobalSection
	GlobalSection(MonoDevelopProperties) = preSolution
		StartupItem = Assembly-CSharp.csproj
	EndGlobalSection
EndGlobal
